// !$*UTF8*$!
{
	archiveVersion = 1;
	classes = {
	};
	objectVersion = 56;
	objects = {

/* Begin PBXBuildFile section */
		E12301492942721C00882766 /* ProfileViewController.swift in Sources */ = {isa = PBXBuildFile; fileRef = E12301482942721C00882766 /* ProfileViewController.swift */; };
		E123014B2942837F00882766 /* PostViewController.swift in Sources */ = {isa = PBXBuildFile; fileRef = E123014A2942837F00882766 /* PostViewController.swift */; };
		E123014D2943D5E500882766 /* PostFirst.swift in Sources */ = {isa = PBXBuildFile; fileRef = E123014C2943D5E500882766 /* PostFirst.swift */; };
		E123014F2943DB7A00882766 /* InfoViewController.swift in Sources */ = {isa = PBXBuildFile; fileRef = E123014E2943DB7A00882766 /* InfoViewController.swift */; };
		E123015429491DCF00882766 /* ProfileTableHederView.swift in Sources */ = {isa = PBXBuildFile; fileRef = E123015329491DCF00882766 /* ProfileTableHederView.swift */; };
		E13482722966172800A0E597 /* LogInViewController.swift in Sources */ = {isa = PBXBuildFile; fileRef = E13482712966172800A0E597 /* LogInViewController.swift */; };
		E135617A29749A5500ECC1C4 /* Post.swift in Sources */ = {isa = PBXBuildFile; fileRef = E135617929749A5500ECC1C4 /* Post.swift */; };
		E135617E2975749C00ECC1C4 /* PostTableViewCell.swift in Sources */ = {isa = PBXBuildFile; fileRef = E135617D2975749C00ECC1C4 /* PostTableViewCell.swift */; };
		E1356182297B2F8F00ECC1C4 /* PhotosTableViewCell.swift in Sources */ = {isa = PBXBuildFile; fileRef = E1356181297B2F8F00ECC1C4 /* PhotosTableViewCell.swift */; };
		E1356184297F1F2E00ECC1C4 /* PhotosCollectionView.swift in Sources */ = {isa = PBXBuildFile; fileRef = E1356183297F1F2E00ECC1C4 /* PhotosCollectionView.swift */; };
		E1356186297F2A8F00ECC1C4 /* PhotosCollectionViewCell.swift in Sources */ = {isa = PBXBuildFile; fileRef = E1356185297F2A8F00ECC1C4 /* PhotosCollectionViewCell.swift */; };
		E1356188298007F200ECC1C4 /* PhotosViewController.swift in Sources */ = {isa = PBXBuildFile; fileRef = E1356187298007F200ECC1C4 /* PhotosViewController.swift */; };
		E135618A2983080200ECC1C4 /* PhotoProfileCollectionViewCell.swift in Sources */ = {isa = PBXBuildFile; fileRef = E13561892983080200ECC1C4 /* PhotoProfileCollectionViewCell.swift */; };
		E18BF8CB293E8F650073521D /* AppDelegate.swift in Sources */ = {isa = PBXBuildFile; fileRef = E18BF8CA293E8F650073521D /* AppDelegate.swift */; };
		E18BF8CD293E8F650073521D /* SceneDelegate.swift in Sources */ = {isa = PBXBuildFile; fileRef = E18BF8CC293E8F650073521D /* SceneDelegate.swift */; };
		E18BF8CF293E8F650073521D /* FeedViewController.swift in Sources */ = {isa = PBXBuildFile; fileRef = E18BF8CE293E8F650073521D /* FeedViewController.swift */; };
		E18BF8D4293E8F660073521D /* Assets.xcassets in Resources */ = {isa = PBXBuildFile; fileRef = E18BF8D3293E8F660073521D /* Assets.xcassets */; };
		E18BF8D7293E8F660073521D /* LaunchScreen.storyboard in Resources */ = {isa = PBXBuildFile; fileRef = E18BF8D5293E8F660073521D /* LaunchScreen.storyboard */; };
/* End PBXBuildFile section */

/* Begin PBXFileReference section */
		E12301482942721C00882766 /* ProfileViewController.swift */ = {isa = PBXFileReference; lastKnownFileType = sourcecode.swift; path = ProfileViewController.swift; sourceTree = "<group>"; };
		E123014A2942837F00882766 /* PostViewController.swift */ = {isa = PBXFileReference; lastKnownFileType = sourcecode.swift; path = PostViewController.swift; sourceTree = "<group>"; };
		E123014C2943D5E500882766 /* PostFirst.swift */ = {isa = PBXFileReference; lastKnownFileType = sourcecode.swift; path = PostFirst.swift; sourceTree = "<group>"; };
		E123014E2943DB7A00882766 /* InfoViewController.swift */ = {isa = PBXFileReference; lastKnownFileType = sourcecode.swift; path = InfoViewController.swift; sourceTree = "<group>"; };
		E123015329491DCF00882766 /* ProfileTableHederView.swift */ = {isa = PBXFileReference; lastKnownFileType = sourcecode.swift; path = ProfileTableHederView.swift; sourceTree = "<group>"; };
		E1230155294F9FD500882766 /* ProfileCard.playground */ = {isa = PBXFileReference; lastKnownFileType = file.playground; path = ProfileCard.playground; sourceTree = "<group>"; xcLanguageSpecificationIdentifier = xcode.lang.swift; };
		E13482712966172800A0E597 /* LogInViewController.swift */ = {isa = PBXFileReference; lastKnownFileType = sourcecode.swift; path = LogInViewController.swift; sourceTree = "<group>"; };
		E135617929749A5500ECC1C4 /* Post.swift */ = {isa = PBXFileReference; lastKnownFileType = sourcecode.swift; path = Post.swift; sourceTree = "<group>"; };
		E135617D2975749C00ECC1C4 /* PostTableViewCell.swift */ = {isa = PBXFileReference; lastKnownFileType = sourcecode.swift; path = PostTableViewCell.swift; sourceTree = "<group>"; };
		E1356181297B2F8F00ECC1C4 /* PhotosTableViewCell.swift */ = {isa = PBXFileReference; lastKnownFileType = sourcecode.swift; path = PhotosTableViewCell.swift; sourceTree = "<group>"; };
		E1356183297F1F2E00ECC1C4 /* PhotosCollectionView.swift */ = {isa = PBXFileReference; lastKnownFileType = sourcecode.swift; path = PhotosCollectionView.swift; sourceTree = "<group>"; };
		E1356185297F2A8F00ECC1C4 /* PhotosCollectionViewCell.swift */ = {isa = PBXFileReference; lastKnownFileType = sourcecode.swift; path = PhotosCollectionViewCell.swift; sourceTree = "<group>"; };
		E1356187298007F200ECC1C4 /* PhotosViewController.swift */ = {isa = PBXFileReference; lastKnownFileType = sourcecode.swift; path = PhotosViewController.swift; sourceTree = "<group>"; };
		E13561892983080200ECC1C4 /* PhotoProfileCollectionViewCell.swift */ = {isa = PBXFileReference; lastKnownFileType = sourcecode.swift; path = PhotoProfileCollectionViewCell.swift; sourceTree = "<group>"; };
		E18BF8C7293E8F650073521D /* Navigation.app */ = {isa = PBXFileReference; explicitFileType = wrapper.application; includeInIndex = 0; path = Navigation.app; sourceTree = BUILT_PRODUCTS_DIR; };
		E18BF8CA293E8F650073521D /* AppDelegate.swift */ = {isa = PBXFileReference; lastKnownFileType = sourcecode.swift; path = AppDelegate.swift; sourceTree = "<group>"; };
		E18BF8CC293E8F650073521D /* SceneDelegate.swift */ = {isa = PBXFileReference; lastKnownFileType = sourcecode.swift; path = SceneDelegate.swift; sourceTree = "<group>"; };
		E18BF8CE293E8F650073521D /* FeedViewController.swift */ = {isa = PBXFileReference; lastKnownFileType = sourcecode.swift; path = FeedViewController.swift; sourceTree = "<group>"; };
		E18BF8D3293E8F660073521D /* Assets.xcassets */ = {isa = PBXFileReference; lastKnownFileType = folder.assetcatalog; path = Assets.xcassets; sourceTree = "<group>"; };
		E18BF8D6293E8F660073521D /* Base */ = {isa = PBXFileReference; lastKnownFileType = file.storyboard; name = Base; path = Base.lproj/LaunchScreen.storyboard; sourceTree = "<group>"; };
		E18BF8D8293E8F660073521D /* Info.plist */ = {isa = PBXFileReference; lastKnownFileType = text.plist.xml; path = Info.plist; sourceTree = "<group>"; };
/* End PBXFileReference section */

/* Begin PBXFrameworksBuildPhase section */
		E18BF8C4293E8F650073521D /* Frameworks */ = {
			isa = PBXFrameworksBuildPhase;
			buildActionMask = 2147483647;
			files = (
			);
			runOnlyForDeploymentPostprocessing = 0;
		};
/* End PBXFrameworksBuildPhase section */

/* Begin PBXGroup section */
		E123015229491D5E00882766 /* Profile */ = {
			isa = PBXGroup;
			children = (
				E12301482942721C00882766 /* ProfileViewController.swift */,
				E123015329491DCF00882766 /* ProfileTableHederView.swift */,
				E13482712966172800A0E597 /* LogInViewController.swift */,
				E135617D2975749C00ECC1C4 /* PostTableViewCell.swift */,
				E1356181297B2F8F00ECC1C4 /* PhotosTableViewCell.swift */,
				E1356183297F1F2E00ECC1C4 /* PhotosCollectionView.swift */,
				E1356185297F2A8F00ECC1C4 /* PhotosCollectionViewCell.swift */,
				E1356187298007F200ECC1C4 /* PhotosViewController.swift */,
				E13561892983080200ECC1C4 /* PhotoProfileCollectionViewCell.swift */,
			);
			path = Profile;
			sourceTree = "<group>";
		};
		E1356178297499D400ECC1C4 /* Data */ = {
			isa = PBXGroup;
			children = (
				E135617929749A5500ECC1C4 /* Post.swift */,
			);
			path = Data;
			sourceTree = "<group>";
		};
		E18BF8BE293E8F650073521D = {
			isa = PBXGroup;
			children = (
				E18BF8C9293E8F650073521D /* Navigation */,
				E18BF8C8293E8F650073521D /* Products */,
			);
			sourceTree = "<group>";
		};
		E18BF8C8293E8F650073521D /* Products */ = {
			isa = PBXGroup;
			children = (
				E18BF8C7293E8F650073521D /* Navigation.app */,
			);
			name = Products;
			sourceTree = "<group>";
		};
		E18BF8C9293E8F650073521D /* Navigation */ = {
			isa = PBXGroup;
			children = (
				E1356178297499D400ECC1C4 /* Data */,
				E123015229491D5E00882766 /* Profile */,
				E18BF8CA293E8F650073521D /* AppDelegate.swift */,
				E18BF8CC293E8F650073521D /* SceneDelegate.swift */,
				E18BF8D3293E8F660073521D /* Assets.xcassets */,
				E18BF8D5293E8F660073521D /* LaunchScreen.storyboard */,
				E18BF8D8293E8F660073521D /* Info.plist */,
				E18BF8CE293E8F650073521D /* FeedViewController.swift */,
				E123014A2942837F00882766 /* PostViewController.swift */,
				E123014C2943D5E500882766 /* PostFirst.swift */,
				E123014E2943DB7A00882766 /* InfoViewController.swift */,
				E1230155294F9FD500882766 /* ProfileCard.playground */,
			);
			path = Navigation;
			sourceTree = "<group>";
		};
/* End PBXGroup section */

/* Begin PBXNativeTarget section */
		E18BF8C6293E8F650073521D /* Navigation */ = {
			isa = PBXNativeTarget;
			buildConfigurationList = E18BF8DB293E8F660073521D /* Build configuration list for PBXNativeTarget "Navigation" */;
			buildPhases = (
				E18BF8C3293E8F650073521D /* Sources */,
				E18BF8C4293E8F650073521D /* Frameworks */,
				E18BF8C5293E8F650073521D /* Resources */,
			);
			buildRules = (
			);
			dependencies = (
			);
			name = Navigation;
			productName = Navigation;
			productReference = E18BF8C7293E8F650073521D /* Navigation.app */;
			productType = "com.apple.product-type.application";
		};
/* End PBXNativeTarget section */

/* Begin PBXProject section */
		E18BF8BF293E8F650073521D /* Project object */ = {
			isa = PBXProject;
			attributes = {
				BuildIndependentTargetsInParallel = 1;
				LastSwiftUpdateCheck = 1400;
				LastUpgradeCheck = 1400;
				TargetAttributes = {
					E18BF8C6293E8F650073521D = {
						CreatedOnToolsVersion = 14.0.1;
					};
				};
			};
			buildConfigurationList = E18BF8C2293E8F650073521D /* Build configuration list for PBXProject "Navigation" */;
			compatibilityVersion = "Xcode 14.0";
			developmentRegion = en;
			hasScannedForEncodings = 0;
			knownRegions = (
				en,
				Base,
			);
			mainGroup = E18BF8BE293E8F650073521D;
			productRefGroup = E18BF8C8293E8F650073521D /* Products */;
			projectDirPath = "";
			projectRoot = "";
			targets = (
				E18BF8C6293E8F650073521D /* Navigation */,
			);
		};
/* End PBXProject section */

/* Begin PBXResourcesBuildPhase section */
		E18BF8C5293E8F650073521D /* Resources */ = {
			isa = PBXResourcesBuildPhase;
			buildActionMask = 2147483647;
			files = (
				E18BF8D7293E8F660073521D /* LaunchScreen.storyboard in Resources */,
				E18BF8D4293E8F660073521D /* Assets.xcassets in Resources */,
			);
			runOnlyForDeploymentPostprocessing = 0;
		};
/* End PBXResourcesBuildPhase section */

/* Begin PBXSourcesBuildPhase section */
		E18BF8C3293E8F650073521D /* Sources */ = {
			isa = PBXSourcesBuildPhase;
			buildActionMask = 2147483647;
			files = (
				E1356182297B2F8F00ECC1C4 /* PhotosTableViewCell.swift in Sources */,
				E135618A2983080200ECC1C4 /* PhotoProfileCollectionViewCell.swift in Sources */,
				E1356186297F2A8F00ECC1C4 /* PhotosCollectionViewCell.swift in Sources */,
				E1356184297F1F2E00ECC1C4 /* PhotosCollectionView.swift in Sources */,
				E135617E2975749C00ECC1C4 /* PostTableViewCell.swift in Sources */,
				E18BF8CF293E8F650073521D /* FeedViewController.swift in Sources */,
				E18BF8CB293E8F650073521D /* AppDelegate.swift in Sources */,
				E13482722966172800A0E597 /* LogInViewController.swift in Sources */,
				E12301492942721C00882766 /* ProfileViewController.swift in Sources */,
				E123014F2943DB7A00882766 /* InfoViewController.swift in Sources */,
				E123014D2943D5E500882766 /* PostFirst.swift in Sources */,
				E18BF8CD293E8F650073521D /* SceneDelegate.swift in Sources */,
				E123014B2942837F00882766 /* PostViewController.swift in Sources */,
				E123015429491DCF00882766 /* ProfileTableHederView.swift in Sources */,
				E1356188298007F200ECC1C4 /* PhotosViewController.swift in Sources */,
				E135617A29749A5500ECC1C4 /* Post.swift in Sources */,
			);
			runOnlyForDeploymentPostprocessing = 0;
		};
/* End PBXSourcesBuildPhase section */

/* Begin PBXVariantGroup section */
		E18BF8D5293E8F660073521D /* LaunchScreen.storyboard */ = {
			isa = PBXVariantGroup;
			children = (
				E18BF8D6293E8F660073521D /* Base */,
			);
			name = LaunchScreen.storyboard;
			sourceTree = "<group>";
		};
/* End PBXVariantGroup section */

/* Begin XCBuildConfiguration section */
		E18BF8D9293E8F660073521D /* Debug */ = {
			isa = XCBuildConfiguration;
			buildSettings = {
				ALWAYS_SEARCH_USER_PATHS = NO;
				CLANG_ANALYZER_NONNULL = YES;
				CLANG_ANALYZER_NUMBER_OBJECT_CONVERSION = YES_AGGRESSIVE;
				CLANG_CXX_LANGUAGE_STANDARD = "gnu++20";
				CLANG_ENABLE_MODULES = YES;
				CLANG_ENABLE_OBJC_ARC = YES;
				CLANG_ENABLE_OBJC_WEAK = YES;
				CLANG_WARN_BLOCK_CAPTURE_AUTORELEASING = YES;
				CLANG_WARN_BOOL_CONVERSION = YES;
				CLANG_WARN_COMMA = YES;
				CLANG_WARN_CONSTANT_CONVERSION = YES;
				CLANG_WARN_DEPRECATED_OBJC_IMPLEMENTATIONS = YES;
				CLANG_WARN_DIRECT_OBJC_ISA_USAGE = YES_ERROR;
				CLANG_WARN_DOCUMENTATION_COMMENTS = YES;
				CLANG_WARN_EMPTY_BODY = YES;
				CLANG_WARN_ENUM_CONVERSION = YES;
				CLANG_WARN_INFINITE_RECURSION = YES;
				CLANG_WARN_INT_CONVERSION = YES;
				CLANG_WARN_NON_LITERAL_NULL_CONVERSION = YES;
				CLANG_WARN_OBJC_IMPLICIT_RETAIN_SELF = YES;
				CLANG_WARN_OBJC_LITERAL_CONVERSION = YES;
				CLANG_WARN_OBJC_ROOT_CLASS = YES_ERROR;
				CLANG_WARN_QUOTED_INCLUDE_IN_FRAMEWORK_HEADER = YES;
				CLANG_WARN_RANGE_LOOP_ANALYSIS = YES;
				CLANG_WARN_STRICT_PROTOTYPES = YES;
				CLANG_WARN_SUSPICIOUS_MOVE = YES;
				CLANG_WARN_UNGUARDED_AVAILABILITY = YES_AGGRESSIVE;
				CLANG_WARN_UNREACHABLE_CODE = YES;
				CLANG_WARN__DUPLICATE_METHOD_MATCH = YES;
				COPY_PHASE_STRIP = NO;
				DEBUG_INFORMATION_FORMAT = dwarf;
				ENABLE_STRICT_OBJC_MSGSEND = YES;
				ENABLE_TESTABILITY = YES;
				GCC_C_LANGUAGE_STANDARD = gnu11;
				GCC_DYNAMIC_NO_PIC = NO;
				GCC_NO_COMMON_BLOCKS = YES;
				GCC_OPTIMIZATION_LEVEL = 0;
				GCC_PREPROCESSOR_DEFINITIONS = (
					"DEBUG=1",
					"$(inherited)",
				);
				GCC_WARN_64_TO_32_BIT_CONVERSION = YES;
				GCC_WARN_ABOUT_RETURN_TYPE = YES_ERROR;
				GCC_WARN_UNDECLARED_SELECTOR = YES;
				GCC_WARN_UNINITIALIZED_AUTOS = YES_AGGRESSIVE;
				GCC_WARN_UNUSED_FUNCTION = YES;
				GCC_WARN_UNUSED_VARIABLE = YES;
				IPHONEOS_DEPLOYMENT_TARGET = 16.0;
				MTL_ENABLE_DEBUG_INFO = INCLUDE_SOURCE;
				MTL_FAST_MATH = YES;
				ONLY_ACTIVE_ARCH = YES;
				SDKROOT = iphoneos;
				SWIFT_ACTIVE_COMPILATION_CONDITIONS = DEBUG;
				SWIFT_OPTIMIZATION_LEVEL = "-Onone";
			};
			name = Debug;
		};
		E18BF8DA293E8F660073521D /* Release */ = {
			isa = XCBuildConfiguration;
			buildSettings = {
				ALWAYS_SEARCH_USER_PATHS = NO;
				CLANG_ANALYZER_NONNULL = YES;
				CLANG_ANALYZER_NUMBER_OBJECT_CONVERSION = YES_AGGRESSIVE;
				CLANG_CXX_LANGUAGE_STANDARD = "gnu++20";
				CLANG_ENABLE_MODULES = YES;
				CLANG_ENABLE_OBJC_ARC = YES;
				CLANG_ENABLE_OBJC_WEAK = YES;
				CLANG_WARN_BLOCK_CAPTURE_AUTORELEASING = YES;
				CLANG_WARN_BOOL_CONVERSION = YES;
				CLANG_WARN_COMMA = YES;
				CLANG_WARN_CONSTANT_CONVERSION = YES;
				CLANG_WARN_DEPRECATED_OBJC_IMPLEMENTATIONS = YES;
				CLANG_WARN_DIRECT_OBJC_ISA_USAGE = YES_ERROR;
				CLANG_WARN_DOCUMENTATION_COMMENTS = YES;
				CLANG_WARN_EMPTY_BODY = YES;
				CLANG_WARN_ENUM_CONVERSION = YES;
				CLANG_WARN_INFINITE_RECURSION = YES;
				CLANG_WARN_INT_CONVERSION = YES;
				CLANG_WARN_NON_LITERAL_NULL_CONVERSION = YES;
				CLANG_WARN_OBJC_IMPLICIT_RETAIN_SELF = YES;
				CLANG_WARN_OBJC_LITERAL_CONVERSION = YES;
				CLANG_WARN_OBJC_ROOT_CLASS = YES_ERROR;
				CLANG_WARN_QUOTED_INCLUDE_IN_FRAMEWORK_HEADER = YES;
				CLANG_WARN_RANGE_LOOP_ANALYSIS = YES;
				CLANG_WARN_STRICT_PROTOTYPES = YES;
				CLANG_WARN_SUSPICIOUS_MOVE = YES;
				CLANG_WARN_UNGUARDED_AVAILABILITY = YES_AGGRESSIVE;
				CLANG_WARN_UNREACHABLE_CODE = YES;
				CLANG_WARN__DUPLICATE_METHOD_MATCH = YES;
				COPY_PHASE_STRIP = NO;
				DEBUG_INFORMATION_FORMAT = "dwarf-with-dsym";
				ENABLE_NS_ASSERTIONS = NO;
				ENABLE_STRICT_OBJC_MSGSEND = YES;
				GCC_C_LANGUAGE_STANDARD = gnu11;
				GCC_NO_COMMON_BLOCKS = YES;
				GCC_WARN_64_TO_32_BIT_CONVERSION = YES;
				GCC_WARN_ABOUT_RETURN_TYPE = YES_ERROR;
				GCC_WARN_UNDECLARED_SELECTOR = YES;
				GCC_WARN_UNINITIALIZED_AUTOS = YES_AGGRESSIVE;
				GCC_WARN_UNUSED_FUNCTION = YES;
				GCC_WARN_UNUSED_VARIABLE = YES;
				IPHONEOS_DEPLOYMENT_TARGET = 16.0;
				MTL_ENABLE_DEBUG_INFO = NO;
				MTL_FAST_MATH = YES;
				SDKROOT = iphoneos;
				SWIFT_COMPILATION_MODE = wholemodule;
				SWIFT_OPTIMIZATION_LEVEL = "-O";
				VALIDATE_PRODUCT = YES;
			};
			name = Release;
		};
		E18BF8DC293E8F660073521D /* Debug */ = {
			isa = XCBuildConfiguration;
			buildSettings = {
				ASSETCATALOG_COMPILER_APPICON_NAME = AppIcon;
				ASSETCATALOG_COMPILER_GLOBAL_ACCENT_COLOR_NAME = AccentColor;
				CODE_SIGN_STYLE = Automatic;
				CURRENT_PROJECT_VERSION = 1;
				DEVELOPMENT_TEAM = 8BT2Q99R5N;
				GENERATE_INFOPLIST_FILE = YES;
				INFOPLIST_FILE = Navigation/Info.plist;
				INFOPLIST_KEY_UIApplicationSupportsIndirectInputEvents = YES;
				INFOPLIST_KEY_UILaunchStoryboardName = LaunchScreen;
				INFOPLIST_KEY_UISupportedInterfaceOrientations_iPad = "UIInterfaceOrientationPortrait UIInterfaceOrientationPortraitUpsideDown UIInterfaceOrientationLandscapeLeft UIInterfaceOrientationLandscapeRight";
				INFOPLIST_KEY_UISupportedInterfaceOrientations_iPhone = "UIInterfaceOrientationPortrait UIInterfaceOrientationLandscapeLeft UIInterfaceOrientationLandscapeRight";
				LD_RUNPATH_SEARCH_PATHS = (
					"$(inherited)",
					"@executable_path/Frameworks",
				);
				MARKETING_VERSION = 1.0;
				PRODUCT_BUNDLE_IDENTIFIER = netology.Navigation;
				PRODUCT_NAME = "$(TARGET_NAME)";
				SWIFT_EMIT_LOC_STRINGS = YES;
				SWIFT_VERSION = 5.0;
				TARGETED_DEVICE_FAMILY = "1,2";
			};
			name = Debug;
		};
		E18BF8DD293E8F660073521D /* Release */ = {
			isa = XCBuildConfiguration;
			buildSettings = {
				ASSETCATALOG_COMPILER_APPICON_NAME = AppIcon;
				ASSETCATALOG_COMPILER_GLOBAL_ACCENT_COLOR_NAME = AccentColor;
				CODE_SIGN_STYLE = Automatic;
				CURRENT_PROJECT_VERSION = 1;
				DEVELOPMENT_TEAM = 8BT2Q99R5N;
				GENERATE_INFOPLIST_FILE = YES;
				INFOPLIST_FILE = Navigation/Info.plist;
				INFOPLIST_KEY_UIApplicationSupportsIndirectInputEvents = YES;
				INFOPLIST_KEY_UILaunchStoryboardName = LaunchScreen;
				INFOPLIST_KEY_UISupportedInterfaceOrientations_iPad = "UIInterfaceOrientationPortrait UIInterfaceOrientationPortraitUpsideDown UIInterfaceOrientationLandscapeLeft UIInterfaceOrientationLandscapeRight";
				INFOPLIST_KEY_UISupportedInterfaceOrientations_iPhone = "UIInterfaceOrientationPortrait UIInterfaceOrientationLandscapeLeft UIInterfaceOrientationLandscapeRight";
				LD_RUNPATH_SEARCH_PATHS = (
					"$(inherited)",
					"@executable_path/Frameworks",
				);
				MARKETING_VERSION = 1.0;
				PRODUCT_BUNDLE_IDENTIFIER = netology.Navigation;
				PRODUCT_NAME = "$(TARGET_NAME)";
				SWIFT_EMIT_LOC_STRINGS = YES;
				SWIFT_VERSION = 5.0;
				TARGETED_DEVICE_FAMILY = "1,2";
			};
			name = Release;
		};
/* End XCBuildConfiguration section */

/* Begin XCConfigurationList section */
		E18BF8C2293E8F650073521D /* Build configuration list for PBXProject "Navigation" */ = {
			isa = XCConfigurationList;
			buildConfigurations = (
				E18BF8D9293E8F660073521D /* Debug */,
				E18BF8DA293E8F660073521D /* Release */,
			);
			defaultConfigurationIsVisible = 0;
			defaultConfigurationName = Release;
		};
		E18BF8DB293E8F660073521D /* Build configuration list for PBXNativeTarget "Navigation" */ = {
			isa = XCConfigurationList;
			buildConfigurations = (
				E18BF8DC293E8F660073521D /* Debug */,
				E18BF8DD293E8F660073521D /* Release */,
			);
			defaultConfigurationIsVisible = 0;
			defaultConfigurationName = Release;
		};
/* End XCConfigurationList section */
	};
	rootObject = E18BF8BF293E8F650073521D /* Project object */;
}
